// !$*UTF8*$!
{
	archiveVersion = 1;
	classes = {
	};
	objectVersion = 50;
	objects = {

/* Begin PBXBuildFile section */
		F8EE41D721C2595500A5E8D1 /* AppDelegate.m in Sources */ = {isa = PBXBuildFile; fileRef = F8EE41D621C2595500A5E8D1 /* AppDelegate.m */; };
		F8EE41DD21C2595500A5E8D1 /* Main.storyboard in Resources */ = {isa = PBXBuildFile; fileRef = F8EE41DB21C2595500A5E8D1 /* Main.storyboard */; };
		F8EE41DF21C2595600A5E8D1 /* Assets.xcassets in Resources */ = {isa = PBXBuildFile; fileRef = F8EE41DE21C2595600A5E8D1 /* Assets.xcassets */; };
		F8EE41E221C2595600A5E8D1 /* LaunchScreen.storyboard in Resources */ = {isa = PBXBuildFile; fileRef = F8EE41E021C2595600A5E8D1 /* LaunchScreen.storyboard */; };
		F8EE41E521C2595600A5E8D1 /* main.m in Sources */ = {isa = PBXBuildFile; fileRef = F8EE41E421C2595600A5E8D1 /* main.m */; };
		F8EE41ED21C25A6100A5E8D1 /* BubbleCell.m in Sources */ = {isa = PBXBuildFile; fileRef = F8EE41EC21C25A6100A5E8D1 /* BubbleCell.m */; };
		F8EE41F021C25DBC00A5E8D1 /* ViewController.m in Sources */ = {isa = PBXBuildFile; fileRef = F8EE41EF21C25DBC00A5E8D1 /* ViewController.m */; };
		F8EE41F321C25E8A00A5E8D1 /* SpeechManager.m in Sources */ = {isa = PBXBuildFile; fileRef = F8EE41F221C25E8A00A5E8D1 /* SpeechManager.m */; };
/* End PBXBuildFile section */

/* Begin PBXFileReference section */
		F8EE41D221C2595500A5E8D1 /* 01_HelloAVF_Starter.app */ = {isa = PBXFileReference; explicitFileType = wrapper.application; includeInIndex = 0; path = 01_HelloAVF_Starter.app; sourceTree = BUILT_PRODUCTS_DIR; };
		F8EE41D521C2595500A5E8D1 /* AppDelegate.h */ = {isa = PBXFileReference; lastKnownFileType = sourcecode.c.h; path = AppDelegate.h; sourceTree = "<group>"; };
		F8EE41D621C2595500A5E8D1 /* AppDelegate.m */ = {isa = PBXFileReference; lastKnownFileType = sourcecode.c.objc; path = AppDelegate.m; sourceTree = "<group>"; };
		F8EE41DC21C2595500A5E8D1 /* Base */ = {isa = PBXFileReference; lastKnownFileType = file.storyboard; name = Base; path = Base.lproj/Main.storyboard; sourceTree = "<group>"; };
		F8EE41DE21C2595600A5E8D1 /* Assets.xcassets */ = {isa = PBXFileReference; lastKnownFileType = folder.assetcatalog; path = Assets.xcassets; sourceTree = "<group>"; };
		F8EE41E121C2595600A5E8D1 /* Base */ = {isa = PBXFileReference; lastKnownFileType = file.storyboard; name = Base; path = Base.lproj/LaunchScreen.storyboard; sourceTree = "<group>"; };
		F8EE41E321C2595600A5E8D1 /* Info.plist */ = {isa = PBXFileReference; lastKnownFileType = text.plist.xml; path = Info.plist; sourceTree = "<group>"; };
		F8EE41E421C2595600A5E8D1 /* main.m */ = {isa = PBXFileReference; lastKnownFileType = sourcecode.c.objc; path = main.m; sourceTree = "<group>"; };
		F8EE41EB21C25A6100A5E8D1 /* BubbleCell.h */ = {isa = PBXFileReference; lastKnownFileType = sourcecode.c.h; path = BubbleCell.h; sourceTree = "<group>"; };
		F8EE41EC21C25A6100A5E8D1 /* BubbleCell.m */ = {isa = PBXFileReference; lastKnownFileType = sourcecode.c.objc; path = BubbleCell.m; sourceTree = "<group>"; };
		F8EE41EE21C25DBC00A5E8D1 /* ViewController.h */ = {isa = PBXFileReference; lastKnownFileType = sourcecode.c.h; path = ViewController.h; sourceTree = "<group>"; };
		F8EE41EF21C25DBC00A5E8D1 /* ViewController.m */ = {isa = PBXFileReference; lastKnownFileType = sourcecode.c.objc; path = ViewController.m; sourceTree = "<group>"; };
		F8EE41F121C25E8A00A5E8D1 /* SpeechManager.h */ = {isa = PBXFileReference; lastKnownFileType = sourcecode.c.h; path = SpeechManager.h; sourceTree = "<group>"; };
		F8EE41F221C25E8A00A5E8D1 /* SpeechManager.m */ = {isa = PBXFileReference; lastKnownFileType = sourcecode.c.objc; path = SpeechManager.m; sourceTree = "<group>"; };
/* End PBXFileReference section */

/* Begin PBXFrameworksBuildPhase section */
		F8EE41CF21C2595500A5E8D1 /* Frameworks */ = {
			isa = PBXFrameworksBuildPhase;
			buildActionMask = 2147483647;
			files = (
			);
			runOnlyForDeploymentPostprocessing = 0;
		};
/* End PBXFrameworksBuildPhase section */

/* Begin PBXGroup section */
		F8EE41C921C2595500A5E8D1 = {
			isa = PBXGroup;
			children = (
				F8EE41D421C2595500A5E8D1 /* 01_HelloAVF_Starter */,
				F8EE41D321C2595500A5E8D1 /* Products */,
			);
			sourceTree = "<group>";
		};
		F8EE41D321C2595500A5E8D1 /* Products */ = {
			isa = PBXGroup;
			children = (
				F8EE41D221C2595500A5E8D1 /* 01_HelloAVF_Starter.app */,
			);
			name = Products;
			sourceTree = "<group>";
		};
		F8EE41D421C2595500A5E8D1 /* 01_HelloAVF_Starter */ = {
			isa = PBXGroup;
			children = (
				F8EE41D521C2595500A5E8D1 /* AppDelegate.h */,
				F8EE41D621C2595500A5E8D1 /* AppDelegate.m */,
				F8EE41EB21C25A6100A5E8D1 /* BubbleCell.h */,
				F8EE41EC21C25A6100A5E8D1 /* BubbleCell.m */,
				F8EE41F121C25E8A00A5E8D1 /* SpeechManager.h */,
				F8EE41F221C25E8A00A5E8D1 /* SpeechManager.m */,
				F8EE41EE21C25DBC00A5E8D1 /* ViewController.h */,
				F8EE41EF21C25DBC00A5E8D1 /* ViewController.m */,
				F8EE41DB21C2595500A5E8D1 /* Main.storyboard */,
				F8EE41DE21C2595600A5E8D1 /* Assets.xcassets */,
				F8EE41E021C2595600A5E8D1 /* LaunchScreen.storyboard */,
				F8EE41E321C2595600A5E8D1 /* Info.plist */,
				F8EE41E421C2595600A5E8D1 /* main.m */,
			);
			path = 01_HelloAVF_Starter;
			sourceTree = "<group>";
		};
/* End PBXGroup section */

/* Begin PBXNativeTarget section */
		F8EE41D121C2595500A5E8D1 /* 01_HelloAVF_Starter */ = {
			isa = PBXNativeTarget;
			buildConfigurationList = F8EE41E821C2595600A5E8D1 /* Build configuration list for PBXNativeTarget "01_HelloAVF_Starter" */;
			buildPhases = (
				F8EE41CE21C2595500A5E8D1 /* Sources */,
				F8EE41CF21C2595500A5E8D1 /* Frameworks */,
				F8EE41D021C2595500A5E8D1 /* Resources */,
			);
			buildRules = (
			);
			dependencies = (
			);
			name = 01_HelloAVF_Starter;
			productName = 01_HelloAVF_Starter;
			productReference = F8EE41D221C2595500A5E8D1 /* 01_HelloAVF_Starter.app */;
			productType = "com.apple.product-type.application";
		};
/* End PBXNativeTarget section */

/* Begin PBXProject section */
		F8EE41CA21C2595500A5E8D1 /* Project object */ = {
			isa = PBXProject;
			attributes = {
				LastUpgradeCheck = 1010;
				ORGANIZATIONNAME = Frank.zhang;
				TargetAttributes = {
					F8EE41D121C2595500A5E8D1 = {
						CreatedOnToolsVersion = 10.1;
					};
				};
			};
			buildConfigurationList = F8EE41CD21C2595500A5E8D1 /* Build configuration list for PBXProject "01_HelloAVF_Starter" */;
			compatibilityVersion = "Xcode 9.3";
			developmentRegion = en;
			hasScannedForEncodings = 0;
			knownRegions = (
				en,
				Base,
			);
			mainGroup = F8EE41C921C2595500A5E8D1;
			productRefGroup = F8EE41D321C2595500A5E8D1 /* Products */;
			projectDirPath = "";
			projectRoot = "";
			targets = (
				F8EE41D121C2595500A5E8D1 /* 01_HelloAVF_Starter */,
			);
		};
/* End PBXProject section */

/* Begin PBXResourcesBuildPhase section */
		F8EE41D021C2595500A5E8D1 /* Resources */ = {
			isa = PBXResourcesBuildPhase;
			buildActionMask = 2147483647;
			files = (
				F8EE41E221C2595600A5E8D1 /* LaunchScreen.storyboard in Resources */,
				F8EE41DF21C2595600A5E8D1 /* Assets.xcassets in Resources */,
				F8EE41DD21C2595500A5E8D1 /* Main.storyboard in Resources */,
			);
			runOnlyForDeploymentPostprocessing = 0;
		};
/* End PBXResourcesBuildPhase section */

/* Begin PBXSourcesBuildPhase section */
		F8EE41CE21C2595500A5E8D1 /* Sources */ = {
			isa = PBXSourcesBuildPhase;
			buildActionMask = 2147483647;
			files = (
				F8EE41E521C2595600A5E8D1 /* main.m in Sources */,
				F8EE41D721C2595500A5E8D1 /* AppDelegate.m in Sources */,
				F8EE41F321C25E8A00A5E8D1 /* SpeechManager.m in Sources */,
				F8EE41F021C25DBC00A5E8D1 /* ViewController.m in Sources */,
				F8EE41ED21C25A6100A5E8D1 /* BubbleCell.m in Sources */,
			);
			runOnlyForDeploymentPostprocessing = 0;
		};
/* End PBXSourcesBuildPhase section */

/* Begin PBXVariantGroup section */
		F8EE41DB21C2595500A5E8D1 /* Main.storyboard */ = {
			isa = PBXVariantGroup;
			children = (
				F8EE41DC21C2595500A5E8D1 /* Base */,
			);
			name = Main.storyboard;
			sourceTree = "<group>";
		};
		F8EE41E021C2595600A5E8D1 /* LaunchScreen.storyboard */ = {
			isa = PBXVariantGroup;
			children = (
				F8EE41E121C2595600A5E8D1 /* Base */,
			);
			name = LaunchScreen.storyboard;
			sourceTree = "<group>";
		};
/* End PBXVariantGroup section */

/* Begin XCBuildConfiguration section */
		F8EE41E621C2595600A5E8D1 /* Debug */ = {
			isa = XCBuildConfiguration;
			buildSettings = {
				ALWAYS_SEARCH_USER_PATHS = NO;
				CLANG_ANALYZER_NONNULL = YES;
				CLANG_ANALYZER_NUMBER_OBJECT_CONVERSION = YES_AGGRESSIVE;
				CLANG_CXX_LANGUAGE_STANDARD = "gnu++14";
				CLANG_CXX_LIBRARY = "libc++";
				CLANG_ENABLE_MODULES = YES;
				CLANG_ENABLE_OBJC_ARC = YES;
				CLANG_ENABLE_OBJC_WEAK = YES;
				CLANG_WARN_BLOCK_CAPTURE_AUTORELEASING = YES;
				CLANG_WARN_BOOL_CONVERSION = YES;
				CLANG_WARN_COMMA = YES;
				CLANG_WARN_CONSTANT_CONVERSION = YES;
				CLANG_WARN_DEPRECATED_OBJC_IMPLEMENTATIONS = YES;
				CLANG_WARN_DIRECT_OBJC_ISA_USAGE = YES_ERROR;
				CLANG_WARN_DOCUMENTATION_COMMENTS = YES;
				CLANG_WARN_EMPTY_BODY = YES;
				CLANG_WARN_ENUM_CONVERSION = YES;
				CLANG_WARN_INFINITE_RECURSION = YES;
				CLANG_WARN_INT_CONVERSION = YES;
				CLANG_WARN_NON_LITERAL_NULL_CONVERSION = YES;
				CLANG_WARN_OBJC_IMPLICIT_RETAIN_SELF = YES;
				CLANG_WARN_OBJC_LITERAL_CONVERSION = YES;
				CLANG_WARN_OBJC_ROOT_CLASS = YES_ERROR;
				CLANG_WARN_RANGE_LOOP_ANALYSIS = YES;
				CLANG_WARN_STRICT_PROTOTYPES = YES;
				CLANG_WARN_SUSPICIOUS_MOVE = YES;
				CLANG_WARN_UNGUARDED_AVAILABILITY = YES_AGGRESSIVE;
				CLANG_WARN_UNREACHABLE_CODE = YES;
				CLANG_WARN__DUPLICATE_METHOD_MATCH = YES;
				CODE_SIGN_IDENTITY = "iPhone Developer";
				COPY_PHASE_STRIP = NO;
				DEBUG_INFORMATION_FORMAT = dwarf;
				ENABLE_STRICT_OBJC_MSGSEND = YES;
				ENABLE_TESTABILITY = YES;
				GCC_C_LANGUAGE_STANDARD = gnu11;
				GCC_DYNAMIC_NO_PIC = NO;
				GCC_NO_COMMON_BLOCKS = YES;
				GCC_OPTIMIZATION_LEVEL = 0;
				GCC_PREPROCESSOR_DEFINITIONS = (
					"DEBUG=1",
					"$(inherited)",
				);
				GCC_WARN_64_TO_32_BIT_CONVERSION = YES;
				GCC_WARN_ABOUT_RETURN_TYPE = YES_ERROR;
				GCC_WARN_UNDECLARED_SELECTOR = YES;
				GCC_WARN_UNINITIALIZED_AUTOS = YES_AGGRESSIVE;
				GCC_WARN_UNUSED_FUNCTION = YES;
				GCC_WARN_UNUSED_VARIABLE = YES;
				IPHONEOS_DEPLOYMENT_TARGET = 12.1;
				MTL_ENABLE_DEBUG_INFO = INCLUDE_SOURCE;
				MTL_FAST_MATH = YES;
				ONLY_ACTIVE_ARCH = YES;
				SDKROOT = iphoneos;
			};
			name = Debug;
		};
		F8EE41E721C2595600A5E8D1 /* Release */ = {
			isa = XCBuildConfiguration;
			buildSettings = {
				ALWAYS_SEARCH_USER_PATHS = NO;
				CLANG_ANALYZER_NONNULL = YES;
				CLANG_ANALYZER_NUMBER_OBJECT_CONVERSION = YES_AGGRESSIVE;
				CLANG_CXX_LANGUAGE_STANDARD = "gnu++14";
				CLANG_CXX_LIBRARY = "libc++";
				CLANG_ENABLE_MODULES = YES;
				CLANG_ENABLE_OBJC_ARC = YES;
				CLANG_ENABLE_OBJC_WEAK = YES;
				CLANG_WARN_BLOCK_CAPTURE_AUTORELEASING = YES;
				CLANG_WARN_BOOL_CONVERSION = YES;
				CLANG_WARN_COMMA = YES;
				CLANG_WARN_CONSTANT_CONVERSION = YES;
				CLANG_WARN_DEPRECATED_OBJC_IMPLEMENTATIONS = YES;
				CLANG_WARN_DIRECT_OBJC_ISA_USAGE = YES_ERROR;
				CLANG_WARN_DOCUMENTATION_COMMENTS = YES;
				CLANG_WARN_EMPTY_BODY = YES;
				CLANG_WARN_ENUM_CONVERSION = YES;
				CLANG_WARN_INFINITE_RECURSION = YES;
				CLANG_WARN_INT_CONVERSION = YES;
				CLANG_WARN_NON_LITERAL_NULL_CONVERSION = YES;
				CLANG_WARN_OBJC_IMPLICIT_RETAIN_SELF = YES;
				CLANG_WARN_OBJC_LITERAL_CONVERSION = YES;
				CLANG_WARN_OBJC_ROOT_CLASS = YES_ERROR;
				CLANG_WARN_RANGE_LOOP_ANALYSIS = YES;
				CLANG_WARN_STRICT_PROTOTYPES = YES;
				CLANG_WARN_SUSPICIOUS_MOVE = YES;
				CLANG_WARN_UNGUARDED_AVAILABILITY = YES_AGGRESSIVE;
				CLANG_WARN_UNREACHABLE_CODE = YES;
				CLANG_WARN__DUPLICATE_METHOD_MATCH = YES;
				CODE_SIGN_IDENTITY = "iPhone Developer";
				COPY_PHASE_STRIP = NO;
				DEBUG_INFORMATION_FORMAT = "dwarf-with-dsym";
				ENABLE_NS_ASSERTIONS = NO;
				ENABLE_STRICT_OBJC_MSGSEND = YES;
				GCC_C_LANGUAGE_STANDARD = gnu11;
				GCC_NO_COMMON_BLOCKS = YES;
				GCC_WARN_64_TO_32_BIT_CONVERSION = YES;
				GCC_WARN_ABOUT_RETURN_TYPE = YES_ERROR;
				GCC_WARN_UNDECLARED_SELECTOR = YES;
				GCC_WARN_UNINITIALIZED_AUTOS = YES_AGGRESSIVE;
				GCC_WARN_UNUSED_FUNCTION = YES;
				GCC_WARN_UNUSED_VARIABLE = YES;
				IPHONEOS_DEPLOYMENT_TARGET = 12.1;
				MTL_ENABLE_DEBUG_INFO = NO;
				MTL_FAST_MATH = YES;
				SDKROOT = iphoneos;
				VALIDATE_PRODUCT = YES;
			};
			name = Release;
		};
		F8EE41E921C2595600A5E8D1 /* Debug */ = {
			isa = XCBuildConfiguration;
			buildSettings = {
				ASSETCATALOG_COMPILER_APPICON_NAME = AppIcon;
				CODE_SIGN_STYLE = Automatic;
				DEVELOPMENT_TEAM = 6BWWY5VW6C;
				INFOPLIST_FILE = 01_HelloAVF_Starter/Info.plist;
				LD_RUNPATH_SEARCH_PATHS = (
					"$(inherited)",
					"@executable_path/Frameworks",
				);
				PRODUCT_BUNDLE_IDENTIFIER = "Neulion.-1-HelloAVF-Starter";
				PRODUCT_NAME = "$(TARGET_NAME)";
				TARGETED_DEVICE_FAMILY = 1;
			};
			name = Debug;
		};
		F8EE41EA21C2595600A5E8D1 /* Release */ = {
			isa = XCBuildConfiguration;
			buildSettings = {
				ASSETCATALOG_COMPILER_APPICON_NAME = AppIcon;
				CODE_SIGN_STYLE = Automatic;
				DEVELOPMENT_TEAM = 6BWWY5VW6C;
				INFOPLIST_FILE = 01_HelloAVF_Starter/Info.plist;
				LD_RUNPATH_SEARCH_PATHS = (
					"$(inherited)",
					"@executable_path/Frameworks",
				);
				PRODUCT_BUNDLE_IDENTIFIER = "Neulion.-1-HelloAVF-Starter";
				PRODUCT_NAME = "$(TARGET_NAME)";
				TARGETED_DEVICE_FAMILY = 1;
			};
			name = Release;
		};
/* End XCBuildConfiguration section */

/* Begin XCConfigurationList section */
		F8EE41CD21C2595500A5E8D1 /* Build configuration list for PBXProject "01_HelloAVF_Starter" */ = {
			isa = XCConfigurationList;
			buildConfigurations = (
				F8EE41E621C2595600A5E8D1 /* Debug */,
				F8EE41E721C2595600A5E8D1 /* Release */,
			);
			defaultConfigurationIsVisible = 0;
			defaultConfigurationName = Release;
		};
		F8EE41E821C2595600A5E8D1 /* Build configuration list for PBXNativeTarget "01_HelloAVF_Starter" */ = {
			isa = XCConfigurationList;
			buildConfigurations = (
				F8EE41E921C2595600A5E8D1 /* Debug */,
				F8EE41EA21C2595600A5E8D1 /* Release */,
			);
			defaultConfigurationIsVisible = 0;
			defaultConfigurationName = Release;
		};
/* End XCConfigurationList section */
	};
	rootObject = F8EE41CA21C2595500A5E8D1 /* Project object */;
}
